%{
  "csv": {:hex, :csv, "2.3.1", "9ce11eff5a74a07baf3787b2b19dd798724d29a9c3a492a41df39f6af686da0e", [:mix], [{:parallel_stream, "~> 1.0.4", [hex: :parallel_stream, repo: "hexpm", optional: false]}], "hexpm", "86626e1c89a4ad9a96d0d9c638f9e88c2346b89b4ba1611988594ebe72b5d5ee"},
  "dep_from_hexpm": {:hex, :dep_from_hexpm, "0.3.0", "e820a753364b715e84457836317107c340d3bdcaa21b469272da79f29ef5f5cb", [:mix], [], "hexpm", "55b0c9db6c5666a4358e1d8e799f43f3fa091ef036dc0d09bf5ee9f091f07b6d"},
  "parallel_stream": {:hex, :parallel_stream, "1.0.6", "b967be2b23f0f6787fab7ed681b4c45a215a81481fb62b01a5b750fa8f30f76c", [:mix], [], "hexpm", "639b2e8749e11b87b9eb42f2ad325d161c170b39b288ac8d04c4f31f8f0823eb"},
}
